
Microsoft Visual Studio Solution File, Format Version 12.00
# Visual Studio 15
VisualStudioVersion = 15.0.27004.2005
MinimumVisualStudioVersion = 10.0.40219.1
Project("{FAE04EC0-301F-11D3-BF4B-00C04F79EFBC}") = "CardClassDemo", "CardClassDemo\CardClassDemo.csproj", "{4FA944CF-F7D7-4DEF-9740-4781087CFA7D}"
EndProject
Project("{FAE04EC0-301F-11D3-BF4B-00C04F79EFBC}") = "CardClassLibrary", "CardClassLibrary\CardClassLibrary.csproj", "{7A3D782F-F8BD-4719-B8A4-3E86A4601B66}"
EndProject
Project("{FAE04EC0-301F-11D3-BF4B-00C04F79EFBC}") = "Memory", "Memory\Memory.csproj", "{9F3BDC5C-73BF-4AAE-B258-F7125B12B440}"
EndProject
Global
	GlobalSection(SolutionConfigurationPlatforms) = preSolution
		Debug|Any CPU = Debug|Any CPU
		Release|Any CPU = Release|Any CPU
	EndGlobalSection
	GlobalSection(ProjectConfigurationPlatforms) = postSolution
		{4FA944CF-F7D7-4DEF-9740-4781087CFA7D}.Debug|Any CPU.ActiveCfg = Debug|Any CPU
		{4FA944CF-F7D7-4DEF-9740-4781087CFA7D}.Debug|Any CPU.Build.0 = Debug|Any CPU
		{4FA944CF-F7D7-4DEF-9740-4781087CFA7D}.Release|Any CPU.ActiveCfg = Release|Any CPU
		{4FA944CF-F7D7-4DEF-9740-4781087CFA7D}.Release|Any CPU.Build.0 = Release|Any CPU
		{7A3D782F-F8BD-4719-B8A4-3E86A4601B66}.Debug|Any CPU.ActiveCfg = Debug|Any CPU
		{7A3D782F-F8BD-4719-B8A4-3E86A4601B66}.Debug|Any CPU.Build.0 = Debug|Any CPU
		{7A3D782F-F8BD-4719-B8A4-3E86A4601B66}.Release|Any CPU.ActiveCfg = Release|Any CPU
		{7A3D782F-F8BD-4719-B8A4-3E86A4601B66}.Release|Any CPU.Build.0 = Release|Any CPU
		{9F3BDC5C-73BF-4AAE-B258-F7125B12B440}.Debug|Any CPU.ActiveCfg = Debug|Any CPU
		{9F3BDC5C-73BF-4AAE-B258-F7125B12B440}.Debug|Any CPU.Build.0 = Debug|Any CPU
		{9F3BDC5C-73BF-4AAE-B258-F7125B12B440}.Release|Any CPU.ActiveCfg = Release|Any CPU
		{9F3BDC5C-73BF-4AAE-B258-F7125B12B440}.Release|Any CPU.Build.0 = Release|Any CPU
	EndGlobalSection
	GlobalSection(SolutionProperties) = preSolution
		HideSolutionNode = FALSE
	EndGlobalSection
	GlobalSection(ExtensibilityGlobals) = postSolution
		SolutionGuid = {F44DF590-45AE-4B8F-8453-6B6DA196FF25}
	EndGlobalSection
EndGlobal
